<?xml version="1.0" encoding="utf-8"?>
<Project ToolsVersion="4.0" xmlns="http://schemas.microsoft.com/developer/msbuild/2003">
  <ItemGroup>
    <Filter Include="win32">
      <UniqueIdentifier>{84a8ebd7-7cf0-47f6-b75e-d441df67da40}</UniqueIdentifier>
    </Filter>
    <Filter Include="resource">
      <UniqueIdentifier>{715254bc-d70b-4ec5-bf29-467dd3ace079}</UniqueIdentifier>
    </Filter>
    <Filter Include="src">
      <UniqueIdentifier>{bb6c862e-70e9-49d9-81b7-3829a6f50471}</UniqueIdentifier>
    </Filter>
    <Filter Include="src\Entities">
      <UniqueIdentifier>{50ed8cd0-bf68-40a1-b344-0d4d32762e87}</UniqueIdentifier>
    </Filter>
    <Filter Include="src\Player">
      <UniqueIdentifier>{5ce16162-02b2-436c-8f10-9e3018b30ad7}</UniqueIdentifier>
    </Filter>
    <Filter Include="src\AnimationKit">
      <UniqueIdentifier>{28574955-1a00-49da-9916-7fac2e42083a}</UniqueIdentifier>
    </Filter>
    <Filter Include="src\ui">
      <UniqueIdentifier>{55ecf06d-4493-43c1-a4a0-ea45563bf7bc}</UniqueIdentifier>
    </Filter>
    <Filter Include="src\ui\Sneaky">
      <UniqueIdentifier>{acd00de4-972d-4735-a1f8-efc58150646a}</UniqueIdentifier>
    </Filter>
    <Filter Include="src\ui\ui">
      <UniqueIdentifier>{ea5a0d37-ade6-406b-8d42-e0286e80482c}</UniqueIdentifier>
    </Filter>
    <Filter Include="src\ui\ui\ToolBar">
      <UniqueIdentifier>{9cf1222a-2134-4d75-8db4-638e203a4926}</UniqueIdentifier>
    </Filter>
    <Filter Include="src\ui\ui\ToolBarManager">
      <UniqueIdentifier>{22b054d3-91b3-421f-b20a-99e5d138a3d9}</UniqueIdentifier>
    </Filter>
  </ItemGroup>
  <ItemGroup>
    <ClCompile Include="main.cpp">
      <Filter>win32</Filter>
    </ClCompile>
    <ClCompile Include="..\Classes\AppDelegate.cpp">
      <Filter>src</Filter>
    </ClCompile>
    <ClCompile Include="..\Classes\player.cpp">
      <Filter>src\Player</Filter>
    </ClCompile>
    <ClCompile Include="..\Classes\Entities.cpp">
      <Filter>src\Entities</Filter>
    </ClCompile>
    <ClCompile Include="..\Classes\AnimationKit.cpp">
      <Filter>src\AnimationKit</Filter>
    </ClCompile>
    <ClCompile Include="..\Classes\SneakyInput\SneakyButton.cpp">
      <Filter>src\ui\Sneaky</Filter>
    </ClCompile>
    <ClCompile Include="..\Classes\SneakyInput\SneakyButtonSkinnedBase.cpp">
      <Filter>src\ui\Sneaky</Filter>
    </ClCompile>
    <ClCompile Include="..\Classes\SneakyInput\SneakyJoystick.cpp">
      <Filter>src\ui\Sneaky</Filter>
    </ClCompile>
    <ClCompile Include="..\Classes\SneakyInput\SneakyJoystickSkinnedBase.cpp">
      <Filter>src\ui\Sneaky</Filter>
    </ClCompile>
    <ClCompile Include="..\Classes\MainScene.cpp">
      <Filter>src</Filter>
    </ClCompile>
    <ClCompile Include="..\Classes\Toolbar.cpp">
      <Filter>src\ui\ui</Filter>
    </ClCompile>
    <ClCompile Include="..\Classes\ToolbarManager.cpp">
      <Filter>src\ui\ui</Filter>
    </ClCompile>
  </ItemGroup>
  <ItemGroup>
    <ClInclude Include="main.h">
      <Filter>win32</Filter>
    </ClInclude>
    <ClInclude Include="..\Classes\AppDelegate.h">
      <Filter>src</Filter>
    </ClInclude>
    <ClInclude Include="..\Classes\player.h">
      <Filter>src\Player</Filter>
    </ClInclude>
    <ClInclude Include="..\Classes\Entities.h">
      <Filter>src\Entities</Filter>
    </ClInclude>
    <ClInclude Include="..\Classes\AnimationKit.h">
      <Filter>src\AnimationKit</Filter>
    </ClInclude>
    <ClInclude Include="..\Classes\ObjectKeeper.h">
      <Filter>src</Filter>
    </ClInclude>
    <ClInclude Include="..\Classes\SneakyInput\SneakyButton.h">
      <Filter>src\ui\Sneaky</Filter>
    </ClInclude>
    <ClInclude Include="..\Classes\SneakyInput\SneakyButtonSkinnedBase.h">
      <Filter>src\ui\Sneaky</Filter>
    </ClInclude>
    <ClInclude Include="..\Classes\SneakyInput\SneakyJoystick.h">
      <Filter>src\ui\Sneaky</Filter>
    </ClInclude>
    <ClInclude Include="..\Classes\SneakyInput\SneakyJoystickSkinnedBase.h">
      <Filter>src\ui\Sneaky</Filter>
    </ClInclude>
    <ClInclude Include="..\Classes\MainScene.h">
      <Filter>src</Filter>
    </ClInclude>
    <ClInclude Include="..\Classes\Toolbar.h">
      <Filter>src\ui\ui</Filter>
    </ClInclude>
    <ClInclude Include="..\Classes\ToolbarManager.h">
      <Filter>src\ui\ui</Filter>
    </ClInclude>
  </ItemGroup>
  <ItemGroup>
    <ResourceCompile Include="game.rc">
      <Filter>resource</Filter>
    </ResourceCompile>
  </ItemGroup>
</Project>